// !$*UTF8*$!
{
	archiveVersion = 1;
	classes = {
	};
	objectVersion = 56;
	objects = {

/* Begin PBXBuildFile section */
		08BEE4A82C6DB9D2009DB13B /* AppDelegate.swift in Sources */ = {isa = PBXBuildFile; fileRef = 08BEE4A72C6DB9D2009DB13B /* AppDelegate.swift */; };
		08BEE4AA2C6DB9D2009DB13B /* SceneDelegate.swift in Sources */ = {isa = PBXBuildFile; fileRef = 08BEE4A92C6DB9D2009DB13B /* SceneDelegate.swift */; };
		08BEE4AC2C6DB9D2009DB13B /* ViewController.swift in Sources */ = {isa = PBXBuildFile; fileRef = 08BEE4AB2C6DB9D2009DB13B /* ViewController.swift */; };
		08BEE4AF2C6DB9D2009DB13B /* Base in Resources */ = {isa = PBXBuildFile; fileRef = 08BEE4AE2C6DB9D2009DB13B /* Base */; };
		08BEE4B12C6DB9D2009DB13B /* Assets.xcassets in Resources */ = {isa = PBXBuildFile; fileRef = 08BEE4B02C6DB9D2009DB13B /* Assets.xcassets */; };
		08BEE4B42C6DB9D2009DB13B /* Base in Resources */ = {isa = PBXBuildFile; fileRef = 08BEE4B32C6DB9D2009DB13B /* Base */; };
		08BEE4BF2C6DB9D3009DB13B /* PiazzaTests.swift in Sources */ = {isa = PBXBuildFile; fileRef = 08BEE4BE2C6DB9D3009DB13B /* PiazzaTests.swift */; };
		08BEE4C92C6DB9D3009DB13B /* PiazzaUITests.swift in Sources */ = {isa = PBXBuildFile; fileRef = 08BEE4C82C6DB9D3009DB13B /* PiazzaUITests.swift */; };
		08BEE4CB2C6DB9D3009DB13B /* PiazzaUITestsLaunchTests.swift in Sources */ = {isa = PBXBuildFile; fileRef = 08BEE4CA2C6DB9D3009DB13B /* PiazzaUITestsLaunchTests.swift */; };
/* End PBXBuildFile section */

/* Begin PBXContainerItemProxy section */
		08BEE4BB2C6DB9D3009DB13B /* PBXContainerItemProxy */ = {
			isa = PBXContainerItemProxy;
			containerPortal = 08BEE49C2C6DB9D1009DB13B /* Project object */;
			proxyType = 1;
			remoteGlobalIDString = 08BEE4A32C6DB9D1009DB13B;
			remoteInfo = Piazza;
		};
		08BEE4C52C6DB9D3009DB13B /* PBXContainerItemProxy */ = {
			isa = PBXContainerItemProxy;
			containerPortal = 08BEE49C2C6DB9D1009DB13B /* Project object */;
			proxyType = 1;
			remoteGlobalIDString = 08BEE4A32C6DB9D1009DB13B;
			remoteInfo = Piazza;
		};
/* End PBXContainerItemProxy section */

/* Begin PBXFileReference section */
		08BEE4A42C6DB9D2009DB13B /* Piazza.app */ = {isa = PBXFileReference; explicitFileType = wrapper.application; includeInIndex = 0; path = Piazza.app; sourceTree = BUILT_PRODUCTS_DIR; };
		08BEE4A72C6DB9D2009DB13B /* AppDelegate.swift */ = {isa = PBXFileReference; lastKnownFileType = sourcecode.swift; path = AppDelegate.swift; sourceTree = "<group>"; };
		08BEE4A92C6DB9D2009DB13B /* SceneDelegate.swift */ = {isa = PBXFileReference; lastKnownFileType = sourcecode.swift; path = SceneDelegate.swift; sourceTree = "<group>"; };
		08BEE4AB2C6DB9D2009DB13B /* ViewController.swift */ = {isa = PBXFileReference; lastKnownFileType = sourcecode.swift; path = ViewController.swift; sourceTree = "<group>"; };
		08BEE4AE2C6DB9D2009DB13B /* Base */ = {isa = PBXFileReference; lastKnownFileType = file.storyboard; name = Base; path = Base.lproj/Main.storyboard; sourceTree = "<group>"; };
		08BEE4B02C6DB9D2009DB13B /* Assets.xcassets */ = {isa = PBXFileReference; lastKnownFileType = folder.assetcatalog; path = Assets.xcassets; sourceTree = "<group>"; };
		08BEE4B32C6DB9D2009DB13B /* Base */ = {isa = PBXFileReference; lastKnownFileType = file.storyboard; name = Base; path = Base.lproj/LaunchScreen.storyboard; sourceTree = "<group>"; };
		08BEE4B52C6DB9D2009DB13B /* Info.plist */ = {isa = PBXFileReference; lastKnownFileType = text.plist.xml; path = Info.plist; sourceTree = "<group>"; };
		08BEE4BA2C6DB9D3009DB13B /* PiazzaTests.xctest */ = {isa = PBXFileReference; explicitFileType = wrapper.cfbundle; includeInIndex = 0; path = PiazzaTests.xctest; sourceTree = BUILT_PRODUCTS_DIR; };
		08BEE4BE2C6DB9D3009DB13B /* PiazzaTests.swift */ = {isa = PBXFileReference; lastKnownFileType = sourcecode.swift; path = PiazzaTests.swift; sourceTree = "<group>"; };
		08BEE4C42C6DB9D3009DB13B /* PiazzaUITests.xctest */ = {isa = PBXFileReference; explicitFileType = wrapper.cfbundle; includeInIndex = 0; path = PiazzaUITests.xctest; sourceTree = BUILT_PRODUCTS_DIR; };
		08BEE4C82C6DB9D3009DB13B /* PiazzaUITests.swift */ = {isa = PBXFileReference; lastKnownFileType = sourcecode.swift; path = PiazzaUITests.swift; sourceTree = "<group>"; };
		08BEE4CA2C6DB9D3009DB13B /* PiazzaUITestsLaunchTests.swift */ = {isa = PBXFileReference; lastKnownFileType = sourcecode.swift; path = PiazzaUITestsLaunchTests.swift; sourceTree = "<group>"; };
/* End PBXFileReference section */

/* Begin PBXFrameworksBuildPhase section */
		08BEE4A12C6DB9D1009DB13B /* Frameworks */ = {
			isa = PBXFrameworksBuildPhase;
			buildActionMask = 2147483647;
			files = (
			);
			runOnlyForDeploymentPostprocessing = 0;
		};
		08BEE4B72C6DB9D3009DB13B /* Frameworks */ = {
			isa = PBXFrameworksBuildPhase;
			buildActionMask = 2147483647;
			files = (
			);
			runOnlyForDeploymentPostprocessing = 0;
		};
		08BEE4C12C6DB9D3009DB13B /* Frameworks */ = {
			isa = PBXFrameworksBuildPhase;
			buildActionMask = 2147483647;
			files = (
			);
			runOnlyForDeploymentPostprocessing = 0;
		};
/* End PBXFrameworksBuildPhase section */

/* Begin PBXGroup section */
		08BEE49B2C6DB9D1009DB13B = {
			isa = PBXGroup;
			children = (
				08BEE4A62C6DB9D2009DB13B /* Piazza */,
				08BEE4BD2C6DB9D3009DB13B /* PiazzaTests */,
				08BEE4C72C6DB9D3009DB13B /* PiazzaUITests */,
				08BEE4A52C6DB9D2009DB13B /* Products */,
			);
			sourceTree = "<group>";
		};
		08BEE4A52C6DB9D2009DB13B /* Products */ = {
			isa = PBXGroup;
			children = (
				08BEE4A42C6DB9D2009DB13B /* Piazza.app */,
				08BEE4BA2C6DB9D3009DB13B /* PiazzaTests.xctest */,
				08BEE4C42C6DB9D3009DB13B /* PiazzaUITests.xctest */,
			);
			name = Products;
			sourceTree = "<group>";
		};
		08BEE4A62C6DB9D2009DB13B /* Piazza */ = {
			isa = PBXGroup;
			children = (
				08BEE4A72C6DB9D2009DB13B /* AppDelegate.swift */,
				08BEE4A92C6DB9D2009DB13B /* SceneDelegate.swift */,
				08BEE4AB2C6DB9D2009DB13B /* ViewController.swift */,
				08BEE4AD2C6DB9D2009DB13B /* Main.storyboard */,
				08BEE4B02C6DB9D2009DB13B /* Assets.xcassets */,
				08BEE4B22C6DB9D2009DB13B /* LaunchScreen.storyboard */,
				08BEE4B52C6DB9D2009DB13B /* Info.plist */,
			);
			path = Piazza;
			sourceTree = "<group>";
		};
		08BEE4BD2C6DB9D3009DB13B /* PiazzaTests */ = {
			isa = PBXGroup;
			children = (
				08BEE4BE2C6DB9D3009DB13B /* PiazzaTests.swift */,
			);
			path = PiazzaTests;
			sourceTree = "<group>";
		};
		08BEE4C72C6DB9D3009DB13B /* PiazzaUITests */ = {
			isa = PBXGroup;
			children = (
				08BEE4C82C6DB9D3009DB13B /* PiazzaUITests.swift */,
				08BEE4CA2C6DB9D3009DB13B /* PiazzaUITestsLaunchTests.swift */,
			);
			path = PiazzaUITests;
			sourceTree = "<group>";
		};
/* End PBXGroup section */

/* Begin PBXNativeTarget section */
		08BEE4A32C6DB9D1009DB13B /* Piazza */ = {
			isa = PBXNativeTarget;
			buildConfigurationList = 08BEE4CE2C6DB9D3009DB13B /* Build configuration list for PBXNativeTarget "Piazza" */;
			buildPhases = (
				08BEE4A02C6DB9D1009DB13B /* Sources */,
				08BEE4A12C6DB9D1009DB13B /* Frameworks */,
				08BEE4A22C6DB9D1009DB13B /* Resources */,
			);
			buildRules = (
			);
			dependencies = (
			);
			name = Piazza;
			productName = Piazza;
			productReference = 08BEE4A42C6DB9D2009DB13B /* Piazza.app */;
			productType = "com.apple.product-type.application";
		};
		08BEE4B92C6DB9D3009DB13B /* PiazzaTests */ = {
			isa = PBXNativeTarget;
			buildConfigurationList = 08BEE4D12C6DB9D3009DB13B /* Build configuration list for PBXNativeTarget "PiazzaTests" */;
			buildPhases = (
				08BEE4B62C6DB9D3009DB13B /* Sources */,
				08BEE4B72C6DB9D3009DB13B /* Frameworks */,
				08BEE4B82C6DB9D3009DB13B /* Resources */,
			);
			buildRules = (
			);
			dependencies = (
				08BEE4BC2C6DB9D3009DB13B /* PBXTargetDependency */,
			);
			name = PiazzaTests;
			productName = PiazzaTests;
			productReference = 08BEE4BA2C6DB9D3009DB13B /* PiazzaTests.xctest */;
			productType = "com.apple.product-type.bundle.unit-test";
		};
		08BEE4C32C6DB9D3009DB13B /* PiazzaUITests */ = {
			isa = PBXNativeTarget;
			buildConfigurationList = 08BEE4D42C6DB9D3009DB13B /* Build configuration list for PBXNativeTarget "PiazzaUITests" */;
			buildPhases = (
				08BEE4C02C6DB9D3009DB13B /* Sources */,
				08BEE4C12C6DB9D3009DB13B /* Frameworks */,
				08BEE4C22C6DB9D3009DB13B /* Resources */,
			);
			buildRules = (
			);
			dependencies = (
				08BEE4C62C6DB9D3009DB13B /* PBXTargetDependency */,
			);
			name = PiazzaUITests;
			productName = PiazzaUITests;
			productReference = 08BEE4C42C6DB9D3009DB13B /* PiazzaUITests.xctest */;
			productType = "com.apple.product-type.bundle.ui-testing";
		};
/* End PBXNativeTarget section */

/* Begin PBXProject section */
		08BEE49C2C6DB9D1009DB13B /* Project object */ = {
			isa = PBXProject;
			attributes = {
				BuildIndependentTargetsInParallel = 1;
				LastSwiftUpdateCheck = 1540;
				LastUpgradeCheck = 1540;
				TargetAttributes = {
					08BEE4A32C6DB9D1009DB13B = {
						CreatedOnToolsVersion = 15.4;
					};
					08BEE4B92C6DB9D3009DB13B = {
						CreatedOnToolsVersion = 15.4;
						TestTargetID = 08BEE4A32C6DB9D1009DB13B;
					};
					08BEE4C32C6DB9D3009DB13B = {
						CreatedOnToolsVersion = 15.4;
						TestTargetID = 08BEE4A32C6DB9D1009DB13B;
					};
				};
			};
			buildConfigurationList = 08BEE49F2C6DB9D1009DB13B /* Build configuration list for PBXProject "Piazza" */;
			compatibilityVersion = "Xcode 14.0";
			developmentRegion = en;
			hasScannedForEncodings = 0;
			knownRegions = (
				en,
				Base,
			);
			mainGroup = 08BEE49B2C6DB9D1009DB13B;
			packageReferences = (
				08BEE4D72C6DBA1B009DB13B /* XCRemoteSwiftPackageReference "turbo-ios" */,
				08BEE4D82C6DBA3C009DB13B /* XCRemoteSwiftPackageReference "strada-ios" */,
			);
			productRefGroup = 08BEE4A52C6DB9D2009DB13B /* Products */;
			projectDirPath = "";
			projectRoot = "";
			targets = (
				08BEE4A32C6DB9D1009DB13B /* Piazza */,
				08BEE4B92C6DB9D3009DB13B /* PiazzaTests */,
				08BEE4C32C6DB9D3009DB13B /* PiazzaUITests */,
			);
		};
/* End PBXProject section */

/* Begin PBXResourcesBuildPhase section */
		08BEE4A22C6DB9D1009DB13B /* Resources */ = {
			isa = PBXResourcesBuildPhase;
			buildActionMask = 2147483647;
			files = (
				08BEE4B12C6DB9D2009DB13B /* Assets.xcassets in Resources */,
				08BEE4B42C6DB9D2009DB13B /* Base in Resources */,
				08BEE4AF2C6DB9D2009DB13B /* Base in Resources */,
			);
			runOnlyForDeploymentPostprocessing = 0;
		};
		08BEE4B82C6DB9D3009DB13B /* Resources */ = {
			isa = PBXResourcesBuildPhase;
			buildActionMask = 2147483647;
			files = (
			);
			runOnlyForDeploymentPostprocessing = 0;
		};
		08BEE4C22C6DB9D3009DB13B /* Resources */ = {
			isa = PBXResourcesBuildPhase;
			buildActionMask = 2147483647;
			files = (
			);
			runOnlyForDeploymentPostprocessing = 0;
		};
/* End PBXResourcesBuildPhase section */

/* Begin PBXSourcesBuildPhase section */
		08BEE4A02C6DB9D1009DB13B /* Sources */ = {
			isa = PBXSourcesBuildPhase;
			buildActionMask = 2147483647;
			files = (
				08BEE4AC2C6DB9D2009DB13B /* ViewController.swift in Sources */,
				08BEE4A82C6DB9D2009DB13B /* AppDelegate.swift in Sources */,
				08BEE4AA2C6DB9D2009DB13B /* SceneDelegate.swift in Sources */,
			);
			runOnlyForDeploymentPostprocessing = 0;
		};
		08BEE4B62C6DB9D3009DB13B /* Sources */ = {
			isa = PBXSourcesBuildPhase;
			buildActionMask = 2147483647;
			files = (
				08BEE4BF2C6DB9D3009DB13B /* PiazzaTests.swift in Sources */,
			);
			runOnlyForDeploymentPostprocessing = 0;
		};
		08BEE4C02C6DB9D3009DB13B /* Sources */ = {
			isa = PBXSourcesBuildPhase;
			buildActionMask = 2147483647;
			files = (
				08BEE4C92C6DB9D3009DB13B /* PiazzaUITests.swift in Sources */,
				08BEE4CB2C6DB9D3009DB13B /* PiazzaUITestsLaunchTests.swift in Sources */,
			);
			runOnlyForDeploymentPostprocessing = 0;
		};
/* End PBXSourcesBuildPhase section */

/* Begin PBXTargetDependency section */
		08BEE4BC2C6DB9D3009DB13B /* PBXTargetDependency */ = {
			isa = PBXTargetDependency;
			target = 08BEE4A32C6DB9D1009DB13B /* Piazza */;
			targetProxy = 08BEE4BB2C6DB9D3009DB13B /* PBXContainerItemProxy */;
		};
		08BEE4C62C6DB9D3009DB13B /* PBXTargetDependency */ = {
			isa = PBXTargetDependency;
			target = 08BEE4A32C6DB9D1009DB13B /* Piazza */;
			targetProxy = 08BEE4C52C6DB9D3009DB13B /* PBXContainerItemProxy */;
		};
/* End PBXTargetDependency section */

/* Begin PBXVariantGroup section */
		08BEE4AD2C6DB9D2009DB13B /* Main.storyboard */ = {
			isa = PBXVariantGroup;
			children = (
				08BEE4AE2C6DB9D2009DB13B /* Base */,
			);
			name = Main.storyboard;
			sourceTree = "<group>";
		};
		08BEE4B22C6DB9D2009DB13B /* LaunchScreen.storyboard */ = {
			isa = PBXVariantGroup;
			children = (
				08BEE4B32C6DB9D2009DB13B /* Base */,
			);
			name = LaunchScreen.storyboard;
			sourceTree = "<group>";
		};
/* End PBXVariantGroup section */

/* Begin XCBuildConfiguration section */
		08BEE4CC2C6DB9D3009DB13B /* Debug */ = {
			isa = XCBuildConfiguration;
			buildSettings = {
				ALWAYS_SEARCH_USER_PATHS = NO;
				ASSETCATALOG_COMPILER_GENERATE_SWIFT_ASSET_SYMBOL_EXTENSIONS = YES;
				CLANG_ANALYZER_NONNULL = YES;
				CLANG_ANALYZER_NUMBER_OBJECT_CONVERSION = YES_AGGRESSIVE;
				CLANG_CXX_LANGUAGE_STANDARD = "gnu++20";
				CLANG_ENABLE_MODULES = YES;
				CLANG_ENABLE_OBJC_ARC = YES;
				CLANG_ENABLE_OBJC_WEAK = YES;
				CLANG_WARN_BLOCK_CAPTURE_AUTORELEASING = YES;
				CLANG_WARN_BOOL_CONVERSION = YES;
				CLANG_WARN_COMMA = YES;
				CLANG_WARN_CONSTANT_CONVERSION = YES;
				CLANG_WARN_DEPRECATED_OBJC_IMPLEMENTATIONS = YES;
				CLANG_WARN_DIRECT_OBJC_ISA_USAGE = YES_ERROR;
				CLANG_WARN_DOCUMENTATION_COMMENTS = YES;
				CLANG_WARN_EMPTY_BODY = YES;
				CLANG_WARN_ENUM_CONVERSION = YES;
				CLANG_WARN_INFINITE_RECURSION = YES;
				CLANG_WARN_INT_CONVERSION = YES;
				CLANG_WARN_NON_LITERAL_NULL_CONVERSION = YES;
				CLANG_WARN_OBJC_IMPLICIT_RETAIN_SELF = YES;
				CLANG_WARN_OBJC_LITERAL_CONVERSION = YES;
				CLANG_WARN_OBJC_ROOT_CLASS = YES_ERROR;
				CLANG_WARN_QUOTED_INCLUDE_IN_FRAMEWORK_HEADER = YES;
				CLANG_WARN_RANGE_LOOP_ANALYSIS = YES;
				CLANG_WARN_STRICT_PROTOTYPES = YES;
				CLANG_WARN_SUSPICIOUS_MOVE = YES;
				CLANG_WARN_UNGUARDED_AVAILABILITY = YES_AGGRESSIVE;
				CLANG_WARN_UNREACHABLE_CODE = YES;
				CLANG_WARN__DUPLICATE_METHOD_MATCH = YES;
				COPY_PHASE_STRIP = NO;
				DEBUG_INFORMATION_FORMAT = dwarf;
				ENABLE_STRICT_OBJC_MSGSEND = YES;
				ENABLE_TESTABILITY = YES;
				ENABLE_USER_SCRIPT_SANDBOXING = YES;
				GCC_C_LANGUAGE_STANDARD = gnu17;
				GCC_DYNAMIC_NO_PIC = NO;
				GCC_NO_COMMON_BLOCKS = YES;
				GCC_OPTIMIZATION_LEVEL = 0;
				GCC_PREPROCESSOR_DEFINITIONS = (
					"DEBUG=1",
					"$(inherited)",
				);
				GCC_WARN_64_TO_32_BIT_CONVERSION = YES;
				GCC_WARN_ABOUT_RETURN_TYPE = YES_ERROR;
				GCC_WARN_UNDECLARED_SELECTOR = YES;
				GCC_WARN_UNINITIALIZED_AUTOS = YES_AGGRESSIVE;
				GCC_WARN_UNUSED_FUNCTION = YES;
				GCC_WARN_UNUSED_VARIABLE = YES;
				IPHONEOS_DEPLOYMENT_TARGET = 17.5;
				LOCALIZATION_PREFERS_STRING_CATALOGS = YES;
				MTL_ENABLE_DEBUG_INFO = INCLUDE_SOURCE;
				MTL_FAST_MATH = YES;
				ONLY_ACTIVE_ARCH = YES;
				SDKROOT = iphoneos;
				SWIFT_ACTIVE_COMPILATION_CONDITIONS = "DEBUG $(inherited)";
				SWIFT_OPTIMIZATION_LEVEL = "-Onone";
			};
			name = Debug;
		};
		08BEE4CD2C6DB9D3009DB13B /* Release */ = {
			isa = XCBuildConfiguration;
			buildSettings = {
				ALWAYS_SEARCH_USER_PATHS = NO;
				ASSETCATALOG_COMPILER_GENERATE_SWIFT_ASSET_SYMBOL_EXTENSIONS = YES;
				CLANG_ANALYZER_NONNULL = YES;
				CLANG_ANALYZER_NUMBER_OBJECT_CONVERSION = YES_AGGRESSIVE;
				CLANG_CXX_LANGUAGE_STANDARD = "gnu++20";
				CLANG_ENABLE_MODULES = YES;
				CLANG_ENABLE_OBJC_ARC = YES;
				CLANG_ENABLE_OBJC_WEAK = YES;
				CLANG_WARN_BLOCK_CAPTURE_AUTORELEASING = YES;
				CLANG_WARN_BOOL_CONVERSION = YES;
				CLANG_WARN_COMMA = YES;
				CLANG_WARN_CONSTANT_CONVERSION = YES;
				CLANG_WARN_DEPRECATED_OBJC_IMPLEMENTATIONS = YES;
				CLANG_WARN_DIRECT_OBJC_ISA_USAGE = YES_ERROR;
				CLANG_WARN_DOCUMENTATION_COMMENTS = YES;
				CLANG_WARN_EMPTY_BODY = YES;
				CLANG_WARN_ENUM_CONVERSION = YES;
				CLANG_WARN_INFINITE_RECURSION = YES;
				CLANG_WARN_INT_CONVERSION = YES;
				CLANG_WARN_NON_LITERAL_NULL_CONVERSION = YES;
				CLANG_WARN_OBJC_IMPLICIT_RETAIN_SELF = YES;
				CLANG_WARN_OBJC_LITERAL_CONVERSION = YES;
				CLANG_WARN_OBJC_ROOT_CLASS = YES_ERROR;
				CLANG_WARN_QUOTED_INCLUDE_IN_FRAMEWORK_HEADER = YES;
				CLANG_WARN_RANGE_LOOP_ANALYSIS = YES;
				CLANG_WARN_STRICT_PROTOTYPES = YES;
				CLANG_WARN_SUSPICIOUS_MOVE = YES;
				CLANG_WARN_UNGUARDED_AVAILABILITY = YES_AGGRESSIVE;
				CLANG_WARN_UNREACHABLE_CODE = YES;
				CLANG_WARN__DUPLICATE_METHOD_MATCH = YES;
				COPY_PHASE_STRIP = NO;
				DEBUG_INFORMATION_FORMAT = "dwarf-with-dsym";
				ENABLE_NS_ASSERTIONS = NO;
				ENABLE_STRICT_OBJC_MSGSEND = YES;
				ENABLE_USER_SCRIPT_SANDBOXING = YES;
				GCC_C_LANGUAGE_STANDARD = gnu17;
				GCC_NO_COMMON_BLOCKS = YES;
				GCC_WARN_64_TO_32_BIT_CONVERSION = YES;
				GCC_WARN_ABOUT_RETURN_TYPE = YES_ERROR;
				GCC_WARN_UNDECLARED_SELECTOR = YES;
				GCC_WARN_UNINITIALIZED_AUTOS = YES_AGGRESSIVE;
				GCC_WARN_UNUSED_FUNCTION = YES;
				GCC_WARN_UNUSED_VARIABLE = YES;
				IPHONEOS_DEPLOYMENT_TARGET = 17.5;
				LOCALIZATION_PREFERS_STRING_CATALOGS = YES;
				MTL_ENABLE_DEBUG_INFO = NO;
				MTL_FAST_MATH = YES;
				SDKROOT = iphoneos;
				SWIFT_COMPILATION_MODE = wholemodule;
				VALIDATE_PRODUCT = YES;
			};
			name = Release;
		};
		08BEE4CF2C6DB9D3009DB13B /* Debug */ = {
			isa = XCBuildConfiguration;
			buildSettings = {
				ASSETCATALOG_COMPILER_APPICON_NAME = AppIcon;
				ASSETCATALOG_COMPILER_GLOBAL_ACCENT_COLOR_NAME = AccentColor;
				CODE_SIGN_STYLE = Automatic;
				CURRENT_PROJECT_VERSION = 1;
				DEVELOPMENT_TEAM = 95K87DR592;
				GENERATE_INFOPLIST_FILE = YES;
				INFOPLIST_FILE = Piazza/Info.plist;
				INFOPLIST_KEY_UIApplicationSupportsIndirectInputEvents = YES;
				INFOPLIST_KEY_UILaunchStoryboardName = LaunchScreen;
				INFOPLIST_KEY_UIMainStoryboardFile = Main;
				INFOPLIST_KEY_UISupportedInterfaceOrientations_iPad = "UIInterfaceOrientationPortrait UIInterfaceOrientationPortraitUpsideDown UIInterfaceOrientationLandscapeLeft UIInterfaceOrientationLandscapeRight";
				INFOPLIST_KEY_UISupportedInterfaceOrientations_iPhone = "UIInterfaceOrientationPortrait UIInterfaceOrientationLandscapeLeft UIInterfaceOrientationLandscapeRight";
				LD_RUNPATH_SEARCH_PATHS = (
					"$(inherited)",
					"@executable_path/Frameworks",
				);
				MARKETING_VERSION = 1.0;
				PRODUCT_BUNDLE_IDENTIFIER = com.intersol.Piazza;
				PRODUCT_NAME = "$(TARGET_NAME)";
				SWIFT_EMIT_LOC_STRINGS = YES;
				SWIFT_VERSION = 5.0;
				TARGETED_DEVICE_FAMILY = "1,2";
			};
			name = Debug;
		};
		08BEE4D02C6DB9D3009DB13B /* Release */ = {
			isa = XCBuildConfiguration;
			buildSettings = {
				ASSETCATALOG_COMPILER_APPICON_NAME = AppIcon;
				ASSETCATALOG_COMPILER_GLOBAL_ACCENT_COLOR_NAME = AccentColor;
				CODE_SIGN_STYLE = Automatic;
				CURRENT_PROJECT_VERSION = 1;
				DEVELOPMENT_TEAM = 95K87DR592;
				GENERATE_INFOPLIST_FILE = YES;
				INFOPLIST_FILE = Piazza/Info.plist;
				INFOPLIST_KEY_UIApplicationSupportsIndirectInputEvents = YES;
				INFOPLIST_KEY_UILaunchStoryboardName = LaunchScreen;
				INFOPLIST_KEY_UIMainStoryboardFile = Main;
				INFOPLIST_KEY_UISupportedInterfaceOrientations_iPad = "UIInterfaceOrientationPortrait UIInterfaceOrientationPortraitUpsideDown UIInterfaceOrientationLandscapeLeft UIInterfaceOrientationLandscapeRight";
				INFOPLIST_KEY_UISupportedInterfaceOrientations_iPhone = "UIInterfaceOrientationPortrait UIInterfaceOrientationLandscapeLeft UIInterfaceOrientationLandscapeRight";
				LD_RUNPATH_SEARCH_PATHS = (
					"$(inherited)",
					"@executable_path/Frameworks",
				);
				MARKETING_VERSION = 1.0;
				PRODUCT_BUNDLE_IDENTIFIER = com.intersol.Piazza;
				PRODUCT_NAME = "$(TARGET_NAME)";
				SWIFT_EMIT_LOC_STRINGS = YES;
				SWIFT_VERSION = 5.0;
				TARGETED_DEVICE_FAMILY = "1,2";
			};
			name = Release;
		};
		08BEE4D22C6DB9D3009DB13B /* Debug */ = {
			isa = XCBuildConfiguration;
			buildSettings = {
				ALWAYS_EMBED_SWIFT_STANDARD_LIBRARIES = YES;
				BUNDLE_LOADER = "$(TEST_HOST)";
				CODE_SIGN_STYLE = Automatic;
				CURRENT_PROJECT_VERSION = 1;
				DEVELOPMENT_TEAM = 95K87DR592;
				GENERATE_INFOPLIST_FILE = YES;
				IPHONEOS_DEPLOYMENT_TARGET = 17.5;
				MARKETING_VERSION = 1.0;
				PRODUCT_BUNDLE_IDENTIFIER = com.intersol.PiazzaTests;
				PRODUCT_NAME = "$(TARGET_NAME)";
				SWIFT_EMIT_LOC_STRINGS = NO;
				SWIFT_VERSION = 5.0;
				TARGETED_DEVICE_FAMILY = "1,2";
				TEST_HOST = "$(BUILT_PRODUCTS_DIR)/Piazza.app/$(BUNDLE_EXECUTABLE_FOLDER_PATH)/Piazza";
			};
			name = Debug;
		};
		08BEE4D32C6DB9D3009DB13B /* Release */ = {
			isa = XCBuildConfiguration;
			buildSettings = {
				ALWAYS_EMBED_SWIFT_STANDARD_LIBRARIES = YES;
				BUNDLE_LOADER = "$(TEST_HOST)";
				CODE_SIGN_STYLE = Automatic;
				CURRENT_PROJECT_VERSION = 1;
				DEVELOPMENT_TEAM = 95K87DR592;
				GENERATE_INFOPLIST_FILE = YES;
				IPHONEOS_DEPLOYMENT_TARGET = 17.5;
				MARKETING_VERSION = 1.0;
				PRODUCT_BUNDLE_IDENTIFIER = com.intersol.PiazzaTests;
				PRODUCT_NAME = "$(TARGET_NAME)";
				SWIFT_EMIT_LOC_STRINGS = NO;
				SWIFT_VERSION = 5.0;
				TARGETED_DEVICE_FAMILY = "1,2";
				TEST_HOST = "$(BUILT_PRODUCTS_DIR)/Piazza.app/$(BUNDLE_EXECUTABLE_FOLDER_PATH)/Piazza";
			};
			name = Release;
		};
		08BEE4D52C6DB9D3009DB13B /* Debug */ = {
			isa = XCBuildConfiguration;
			buildSettings = {
				ALWAYS_EMBED_SWIFT_STANDARD_LIBRARIES = YES;
				CODE_SIGN_STYLE = Automatic;
				CURRENT_PROJECT_VERSION = 1;
				DEVELOPMENT_TEAM = 95K87DR592;
				GENERATE_INFOPLIST_FILE = YES;
				MARKETING_VERSION = 1.0;
				PRODUCT_BUNDLE_IDENTIFIER = com.intersol.PiazzaUITests;
				PRODUCT_NAME = "$(TARGET_NAME)";
				SWIFT_EMIT_LOC_STRINGS = NO;
				SWIFT_VERSION = 5.0;
				TARGETED_DEVICE_FAMILY = "1,2";
				TEST_TARGET_NAME = Piazza;
			};
			name = Debug;
		};
		08BEE4D62C6DB9D3009DB13B /* Release */ = {
			isa = XCBuildConfiguration;
			buildSettings = {
				ALWAYS_EMBED_SWIFT_STANDARD_LIBRARIES = YES;
				CODE_SIGN_STYLE = Automatic;
				CURRENT_PROJECT_VERSION = 1;
				DEVELOPMENT_TEAM = 95K87DR592;
				GENERATE_INFOPLIST_FILE = YES;
				MARKETING_VERSION = 1.0;
				PRODUCT_BUNDLE_IDENTIFIER = com.intersol.PiazzaUITests;
				PRODUCT_NAME = "$(TARGET_NAME)";
				SWIFT_EMIT_LOC_STRINGS = NO;
				SWIFT_VERSION = 5.0;
				TARGETED_DEVICE_FAMILY = "1,2";
				TEST_TARGET_NAME = Piazza;
			};
			name = Release;
		};
/* End XCBuildConfiguration section */

/* Begin XCConfigurationList section */
		08BEE49F2C6DB9D1009DB13B /* Build configuration list for PBXProject "Piazza" */ = {
			isa = XCConfigurationList;
			buildConfigurations = (
				08BEE4CC2C6DB9D3009DB13B /* Debug */,
				08BEE4CD2C6DB9D3009DB13B /* Release */,
			);
			defaultConfigurationIsVisible = 0;
			defaultConfigurationName = Release;
		};
		08BEE4CE2C6DB9D3009DB13B /* Build configuration list for PBXNativeTarget "Piazza" */ = {
			isa = XCConfigurationList;
			buildConfigurations = (
				08BEE4CF2C6DB9D3009DB13B /* Debug */,
				08BEE4D02C6DB9D3009DB13B /* Release */,
			);
			defaultConfigurationIsVisible = 0;
			defaultConfigurationName = Release;
		};
		08BEE4D12C6DB9D3009DB13B /* Build configuration list for PBXNativeTarget "PiazzaTests" */ = {
			isa = XCConfigurationList;
			buildConfigurations = (
				08BEE4D22C6DB9D3009DB13B /* Debug */,
				08BEE4D32C6DB9D3009DB13B /* Release */,
			);
			defaultConfigurationIsVisible = 0;
			defaultConfigurationName = Release;
		};
		08BEE4D42C6DB9D3009DB13B /* Build configuration list for PBXNativeTarget "PiazzaUITests" */ = {
			isa = XCConfigurationList;
			buildConfigurations = (
				08BEE4D52C6DB9D3009DB13B /* Debug */,
				08BEE4D62C6DB9D3009DB13B /* Release */,
			);
			defaultConfigurationIsVisible = 0;
			defaultConfigurationName = Release;
		};
/* End XCConfigurationList section */

/* Begin XCRemoteSwiftPackageReference section */
		08BEE4D72C6DBA1B009DB13B /* XCRemoteSwiftPackageReference "turbo-ios" */ = {
			isa = XCRemoteSwiftPackageReference;
			repositoryURL = "https://github.com/hotwired/turbo-ios";
			requirement = {
				kind = upToNextMinorVersion;
				minimumVersion = 7.1.0;
			};
		};
		08BEE4D82C6DBA3C009DB13B /* XCRemoteSwiftPackageReference "strada-ios" */ = {
			isa = XCRemoteSwiftPackageReference;
			repositoryURL = "https://github.com/hotwired/strada-ios";
			requirement = {
				kind = upToNextMinorVersion;
				minimumVersion = "1.0.0-beta2";
			};
		};
/* End XCRemoteSwiftPackageReference section */
	};
	rootObject = 08BEE49C2C6DB9D1009DB13B /* Project object */;
}
